// !$*UTF8*$!
{
	archiveVersion = 1;
	classes = {
	};
	objectVersion = 50;
	objects = {

/* Begin PBXBuildFile section */
		8B826330215C16770006042A /* AppDelegate.swift in Sources */ = {isa = PBXBuildFile; fileRef = 8B82632F215C16770006042A /* AppDelegate.swift */; };
		8B826332215C16770006042A /* art.scnassets in Resources */ = {isa = PBXBuildFile; fileRef = 8B826331215C16770006042A /* art.scnassets */; };
		8B826334215C16770006042A /* PlanetViewerVC.swift in Sources */ = {isa = PBXBuildFile; fileRef = 8B826333215C16770006042A /* PlanetViewerVC.swift */; };
		8B826337215C16770006042A /* Main.storyboard in Resources */ = {isa = PBXBuildFile; fileRef = 8B826335215C16770006042A /* Main.storyboard */; };
		8B826339215C16770006042A /* Assets.xcassets in Resources */ = {isa = PBXBuildFile; fileRef = 8B826338215C16770006042A /* Assets.xcassets */; };
		8B82633C215C16770006042A /* LaunchScreen.storyboard in Resources */ = {isa = PBXBuildFile; fileRef = 8B82633A215C16770006042A /* LaunchScreen.storyboard */; };
		8B826345215C17020006042A /* PlanetSelectorVC.swift in Sources */ = {isa = PBXBuildFile; fileRef = 8B826344215C17020006042A /* PlanetSelectorVC.swift */; };
		8B826347215C19A20006042A /* PlanetCell.swift in Sources */ = {isa = PBXBuildFile; fileRef = 8B826346215C19A20006042A /* PlanetCell.swift */; };
		8B82634B215C32E50006042A /* Starjout.ttf in Resources */ = {isa = PBXBuildFile; fileRef = 8B826348215C32E50006042A /* Starjout.ttf */; };
		8B82634C215C32E50006042A /* Starjhol.ttf in Resources */ = {isa = PBXBuildFile; fileRef = 8B826349215C32E50006042A /* Starjhol.ttf */; };
		8B82634D215C32E50006042A /* Starjedi.ttf in Resources */ = {isa = PBXBuildFile; fileRef = 8B82634A215C32E50006042A /* Starjedi.ttf */; };
/* End PBXBuildFile section */

/* Begin PBXFileReference section */
		8B82632C215C16770006042A /* Intergalactic.app */ = {isa = PBXFileReference; explicitFileType = wrapper.application; includeInIndex = 0; path = Intergalactic.app; sourceTree = BUILT_PRODUCTS_DIR; };
		8B82632F215C16770006042A /* AppDelegate.swift */ = {isa = PBXFileReference; lastKnownFileType = sourcecode.swift; path = AppDelegate.swift; sourceTree = "<group>"; };
		8B826331215C16770006042A /* art.scnassets */ = {isa = PBXFileReference; lastKnownFileType = wrapper.scnassets; path = art.scnassets; sourceTree = "<group>"; };
		8B826333215C16770006042A /* PlanetViewerVC.swift */ = {isa = PBXFileReference; lastKnownFileType = sourcecode.swift; path = PlanetViewerVC.swift; sourceTree = "<group>"; };
		8B826336215C16770006042A /* Base */ = {isa = PBXFileReference; lastKnownFileType = file.storyboard; name = Base; path = Base.lproj/Main.storyboard; sourceTree = "<group>"; };
		8B826338215C16770006042A /* Assets.xcassets */ = {isa = PBXFileReference; lastKnownFileType = folder.assetcatalog; path = Assets.xcassets; sourceTree = "<group>"; };
		8B82633B215C16770006042A /* Base */ = {isa = PBXFileReference; lastKnownFileType = file.storyboard; name = Base; path = Base.lproj/LaunchScreen.storyboard; sourceTree = "<group>"; };
		8B82633D215C16770006042A /* Info.plist */ = {isa = PBXFileReference; lastKnownFileType = text.plist.xml; path = Info.plist; sourceTree = "<group>"; };
		8B826344215C17020006042A /* PlanetSelectorVC.swift */ = {isa = PBXFileReference; lastKnownFileType = sourcecode.swift; path = PlanetSelectorVC.swift; sourceTree = "<group>"; };
		8B826346215C19A20006042A /* PlanetCell.swift */ = {isa = PBXFileReference; lastKnownFileType = sourcecode.swift; path = PlanetCell.swift; sourceTree = "<group>"; };
		8B826348215C32E50006042A /* Starjout.ttf */ = {isa = PBXFileReference; lastKnownFileType = file; path = Starjout.ttf; sourceTree = "<group>"; };
		8B826349215C32E50006042A /* Starjhol.ttf */ = {isa = PBXFileReference; lastKnownFileType = file; path = Starjhol.ttf; sourceTree = "<group>"; };
		8B82634A215C32E50006042A /* Starjedi.ttf */ = {isa = PBXFileReference; lastKnownFileType = file; path = Starjedi.ttf; sourceTree = "<group>"; };
/* End PBXFileReference section */

/* Begin PBXFrameworksBuildPhase section */
		8B826329215C16770006042A /* Frameworks */ = {
			isa = PBXFrameworksBuildPhase;
			buildActionMask = 2147483647;
			files = (
			);
			runOnlyForDeploymentPostprocessing = 0;
		};
/* End PBXFrameworksBuildPhase section */

/* Begin PBXGroup section */
		8B826323215C16770006042A = {
			isa = PBXGroup;
			children = (
				8B82632E215C16770006042A /* Intergalactic */,
				8B82632D215C16770006042A /* Products */,
			);
			sourceTree = "<group>";
		};
		8B82632D215C16770006042A /* Products */ = {
			isa = PBXGroup;
			children = (
				8B82632C215C16770006042A /* Intergalactic.app */,
			);
			name = Products;
			sourceTree = "<group>";
		};
		8B82632E215C16770006042A /* Intergalactic */ = {
			isa = PBXGroup;
			children = (
				8B826350215C330E0006042A /* Models */,
				8B826343215C16E00006042A /* Controllers */,
				8B82634F215C32FC0006042A /* resources */,
				8B82632F215C16770006042A /* AppDelegate.swift */,
				8B826335215C16770006042A /* Main.storyboard */,
				8B826338215C16770006042A /* Assets.xcassets */,
				8B826331215C16770006042A /* art.scnassets */,
				8B82633A215C16770006042A /* LaunchScreen.storyboard */,
				8B82633D215C16770006042A /* Info.plist */,
			);
			path = Intergalactic;
			sourceTree = "<group>";
		};
		8B826343215C16E00006042A /* Controllers */ = {
			isa = PBXGroup;
			children = (
				8B826333215C16770006042A /* PlanetViewerVC.swift */,
				8B826344215C17020006042A /* PlanetSelectorVC.swift */,
			);
			path = Controllers;
			sourceTree = "<group>";
		};
		8B82634E215C32F20006042A /* fonts */ = {
			isa = PBXGroup;
			children = (
				8B82634A215C32E50006042A /* Starjedi.ttf */,
				8B826349215C32E50006042A /* Starjhol.ttf */,
				8B826348215C32E50006042A /* Starjout.ttf */,
			);
			path = fonts;
			sourceTree = "<group>";
		};
		8B82634F215C32FC0006042A /* resources */ = {
			isa = PBXGroup;
			children = (
				8B82634E215C32F20006042A /* fonts */,
			);
			path = resources;
			sourceTree = "<group>";
		};
		8B826350215C330E0006042A /* Models */ = {
			isa = PBXGroup;
			children = (
				8B826346215C19A20006042A /* PlanetCell.swift */,
			);
			path = Models;
			sourceTree = "<group>";
		};
/* End PBXGroup section */

/* Begin PBXNativeTarget section */
		8B82632B215C16770006042A /* Intergalactic */ = {
			isa = PBXNativeTarget;
			buildConfigurationList = 8B826340215C16770006042A /* Build configuration list for PBXNativeTarget "Intergalactic" */;
			buildPhases = (
				8B826328215C16770006042A /* Sources */,
				8B826329215C16770006042A /* Frameworks */,
				8B82632A215C16770006042A /* Resources */,
			);
			buildRules = (
			);
			dependencies = (
			);
			name = Intergalactic;
			productName = Intergalactic;
			productReference = 8B82632C215C16770006042A /* Intergalactic.app */;
			productType = "com.apple.product-type.application";
		};
/* End PBXNativeTarget section */

/* Begin PBXProject section */
		8B826324215C16770006042A /* Project object */ = {
			isa = PBXProject;
			attributes = {
				LastSwiftUpdateCheck = 1000;
				LastUpgradeCheck = 1000;
				ORGANIZATIONNAME = "Andre Burgoyne";
				TargetAttributes = {
					8B82632B215C16770006042A = {
						CreatedOnToolsVersion = 10.0;
					};
				};
			};
			buildConfigurationList = 8B826327215C16770006042A /* Build configuration list for PBXProject "Intergalactic" */;
			compatibilityVersion = "Xcode 9.3";
			developmentRegion = en;
			hasScannedForEncodings = 0;
			knownRegions = (
				en,
				Base,
			);
			mainGroup = 8B826323215C16770006042A;
			productRefGroup = 8B82632D215C16770006042A /* Products */;
			projectDirPath = "";
			projectRoot = "";
			targets = (
				8B82632B215C16770006042A /* Intergalactic */,
			);
		};
/* End PBXProject section */

/* Begin PBXResourcesBuildPhase section */
		8B82632A215C16770006042A /* Resources */ = {
			isa = PBXResourcesBuildPhase;
			buildActionMask = 2147483647;
			files = (
				8B826332215C16770006042A /* art.scnassets in Resources */,
				8B82634C215C32E50006042A /* Starjhol.ttf in Resources */,
				8B82633C215C16770006042A /* LaunchScreen.storyboard in Resources */,
				8B826339215C16770006042A /* Assets.xcassets in Resources */,
				8B82634B215C32E50006042A /* Starjout.ttf in Resources */,
				8B82634D215C32E50006042A /* Starjedi.ttf in Resources */,
				8B826337215C16770006042A /* Main.storyboard in Resources */,
			);
			runOnlyForDeploymentPostprocessing = 0;
		};
/* End PBXResourcesBuildPhase section */

/* Begin PBXSourcesBuildPhase section */
		8B826328215C16770006042A /* Sources */ = {
			isa = PBXSourcesBuildPhase;
			buildActionMask = 2147483647;
			files = (
				8B826345215C17020006042A /* PlanetSelectorVC.swift in Sources */,
				8B826334215C16770006042A /* PlanetViewerVC.swift in Sources */,
				8B826330215C16770006042A /* AppDelegate.swift in Sources */,
				8B826347215C19A20006042A /* PlanetCell.swift in Sources */,
			);
			runOnlyForDeploymentPostprocessing = 0;
		};
/* End PBXSourcesBuildPhase section */

/* Begin PBXVariantGroup section */
		8B826335215C16770006042A /* Main.storyboard */ = {
			isa = PBXVariantGroup;
			children = (
				8B826336215C16770006042A /* Base */,
			);
			name = Main.storyboard;
			sourceTree = "<group>";
		};
		8B82633A215C16770006042A /* LaunchScreen.storyboard */ = {
			isa = PBXVariantGroup;
			children = (
				8B82633B215C16770006042A /* Base */,
			);
			name = LaunchScreen.storyboard;
			sourceTree = "<group>";
		};
/* End PBXVariantGroup section */

/* Begin XCBuildConfiguration section */
		8B82633E215C16770006042A /* Debug */ = {
			isa = XCBuildConfiguration;
			buildSettings = {
				ALWAYS_SEARCH_USER_PATHS = NO;
				CLANG_ANALYZER_NONNULL = YES;
				CLANG_ANALYZER_NUMBER_OBJECT_CONVERSION = YES_AGGRESSIVE;
				CLANG_CXX_LANGUAGE_STANDARD = "gnu++14";
				CLANG_CXX_LIBRARY = "libc++";
				CLANG_ENABLE_MODULES = YES;
				CLANG_ENABLE_OBJC_ARC = YES;
				CLANG_ENABLE_OBJC_WEAK = YES;
				CLANG_WARN_BLOCK_CAPTURE_AUTORELEASING = YES;
				CLANG_WARN_BOOL_CONVERSION = YES;
				CLANG_WARN_COMMA = YES;
				CLANG_WARN_CONSTANT_CONVERSION = YES;
				CLANG_WARN_DEPRECATED_OBJC_IMPLEMENTATIONS = YES;
				CLANG_WARN_DIRECT_OBJC_ISA_USAGE = YES_ERROR;
				CLANG_WARN_DOCUMENTATION_COMMENTS = YES;
				CLANG_WARN_EMPTY_BODY = YES;
				CLANG_WARN_ENUM_CONVERSION = YES;
				CLANG_WARN_INFINITE_RECURSION = YES;
				CLANG_WARN_INT_CONVERSION = YES;
				CLANG_WARN_NON_LITERAL_NULL_CONVERSION = YES;
				CLANG_WARN_OBJC_IMPLICIT_RETAIN_SELF = YES;
				CLANG_WARN_OBJC_LITERAL_CONVERSION = YES;
				CLANG_WARN_OBJC_ROOT_CLASS = YES_ERROR;
				CLANG_WARN_RANGE_LOOP_ANALYSIS = YES;
				CLANG_WARN_STRICT_PROTOTYPES = YES;
				CLANG_WARN_SUSPICIOUS_MOVE = YES;
				CLANG_WARN_UNGUARDED_AVAILABILITY = YES_AGGRESSIVE;
				CLANG_WARN_UNREACHABLE_CODE = YES;
				CLANG_WARN__DUPLICATE_METHOD_MATCH = YES;
				CODE_SIGN_IDENTITY = "iPhone Developer";
				COPY_PHASE_STRIP = NO;
				DEBUG_INFORMATION_FORMAT = dwarf;
				ENABLE_STRICT_OBJC_MSGSEND = YES;
				ENABLE_TESTABILITY = YES;
				GCC_C_LANGUAGE_STANDARD = gnu11;
				GCC_DYNAMIC_NO_PIC = NO;
				GCC_NO_COMMON_BLOCKS = YES;
				GCC_OPTIMIZATION_LEVEL = 0;
				GCC_PREPROCESSOR_DEFINITIONS = (
					"DEBUG=1",
					"$(inherited)",
				);
				GCC_WARN_64_TO_32_BIT_CONVERSION = YES;
				GCC_WARN_ABOUT_RETURN_TYPE = YES_ERROR;
				GCC_WARN_UNDECLARED_SELECTOR = YES;
				GCC_WARN_UNINITIALIZED_AUTOS = YES_AGGRESSIVE;
				GCC_WARN_UNUSED_FUNCTION = YES;
				GCC_WARN_UNUSED_VARIABLE = YES;
				IPHONEOS_DEPLOYMENT_TARGET = 12.0;
				MTL_ENABLE_DEBUG_INFO = INCLUDE_SOURCE;
				MTL_FAST_MATH = YES;
				ONLY_ACTIVE_ARCH = YES;
				SDKROOT = iphoneos;
				SWIFT_ACTIVE_COMPILATION_CONDITIONS = DEBUG;
				SWIFT_OPTIMIZATION_LEVEL = "-Onone";
			};
			name = Debug;
		};
		8B82633F215C16770006042A /* Release */ = {
			isa = XCBuildConfiguration;
			buildSettings = {
				ALWAYS_SEARCH_USER_PATHS = NO;
				CLANG_ANALYZER_NONNULL = YES;
				CLANG_ANALYZER_NUMBER_OBJECT_CONVERSION = YES_AGGRESSIVE;
				CLANG_CXX_LANGUAGE_STANDARD = "gnu++14";
				CLANG_CXX_LIBRARY = "libc++";
				CLANG_ENABLE_MODULES = YES;
				CLANG_ENABLE_OBJC_ARC = YES;
				CLANG_ENABLE_OBJC_WEAK = YES;
				CLANG_WARN_BLOCK_CAPTURE_AUTORELEASING = YES;
				CLANG_WARN_BOOL_CONVERSION = YES;
				CLANG_WARN_COMMA = YES;
				CLANG_WARN_CONSTANT_CONVERSION = YES;
				CLANG_WARN_DEPRECATED_OBJC_IMPLEMENTATIONS = YES;
				CLANG_WARN_DIRECT_OBJC_ISA_USAGE = YES_ERROR;
				CLANG_WARN_DOCUMENTATION_COMMENTS = YES;
				CLANG_WARN_EMPTY_BODY = YES;
				CLANG_WARN_ENUM_CONVERSION = YES;
				CLANG_WARN_INFINITE_RECURSION = YES;
				CLANG_WARN_INT_CONVERSION = YES;
				CLANG_WARN_NON_LITERAL_NULL_CONVERSION = YES;
				CLANG_WARN_OBJC_IMPLICIT_RETAIN_SELF = YES;
				CLANG_WARN_OBJC_LITERAL_CONVERSION = YES;
				CLANG_WARN_OBJC_ROOT_CLASS = YES_ERROR;
				CLANG_WARN_RANGE_LOOP_ANALYSIS = YES;
				CLANG_WARN_STRICT_PROTOTYPES = YES;
				CLANG_WARN_SUSPICIOUS_MOVE = YES;
				CLANG_WARN_UNGUARDED_AVAILABILITY = YES_AGGRESSIVE;
				CLANG_WARN_UNREACHABLE_CODE = YES;
				CLANG_WARN__DUPLICATE_METHOD_MATCH = YES;
				CODE_SIGN_IDENTITY = "iPhone Developer";
				COPY_PHASE_STRIP = NO;
				DEBUG_INFORMATION_FORMAT = "dwarf-with-dsym";
				ENABLE_NS_ASSERTIONS = NO;
				ENABLE_STRICT_OBJC_MSGSEND = YES;
				GCC_C_LANGUAGE_STANDARD = gnu11;
				GCC_NO_COMMON_BLOCKS = YES;
				GCC_WARN_64_TO_32_BIT_CONVERSION = YES;
				GCC_WARN_ABOUT_RETURN_TYPE = YES_ERROR;
				GCC_WARN_UNDECLARED_SELECTOR = YES;
				GCC_WARN_UNINITIALIZED_AUTOS = YES_AGGRESSIVE;
				GCC_WARN_UNUSED_FUNCTION = YES;
				GCC_WARN_UNUSED_VARIABLE = YES;
				IPHONEOS_DEPLOYMENT_TARGET = 12.0;
				MTL_ENABLE_DEBUG_INFO = NO;
				MTL_FAST_MATH = YES;
				SDKROOT = iphoneos;
				SWIFT_COMPILATION_MODE = wholemodule;
				SWIFT_OPTIMIZATION_LEVEL = "-O";
				VALIDATE_PRODUCT = YES;
			};
			name = Release;
		};
		8B826341215C16770006042A /* Debug */ = {
			isa = XCBuildConfiguration;
			buildSettings = {
				ASSETCATALOG_COMPILER_APPICON_NAME = AppIcon;
				CODE_SIGN_STYLE = Automatic;
				DEVELOPMENT_TEAM = 7RCYP48HQ2;
				INFOPLIST_FILE = Intergalactic/Info.plist;
				LD_RUNPATH_SEARCH_PATHS = (
					"$(inherited)",
					"@executable_path/Frameworks",
				);
				PRODUCT_BUNDLE_IDENTIFIER = com.atburgoyne.Intergalactic;
				PRODUCT_NAME = "$(TARGET_NAME)";
				SWIFT_VERSION = 4.2;
				TARGETED_DEVICE_FAMILY = "1,2";
			};
			name = Debug;
		};
		8B826342215C16770006042A /* Release */ = {
			isa = XCBuildConfiguration;
			buildSettings = {
				ASSETCATALOG_COMPILER_APPICON_NAME = AppIcon;
				CODE_SIGN_STYLE = Automatic;
				DEVELOPMENT_TEAM = 7RCYP48HQ2;
				INFOPLIST_FILE = Intergalactic/Info.plist;
				LD_RUNPATH_SEARCH_PATHS = (
					"$(inherited)",
					"@executable_path/Frameworks",
				);
				PRODUCT_BUNDLE_IDENTIFIER = com.atburgoyne.Intergalactic;
				PRODUCT_NAME = "$(TARGET_NAME)";
				SWIFT_VERSION = 4.2;
				TARGETED_DEVICE_FAMILY = "1,2";
			};
			name = Release;
		};
/* End XCBuildConfiguration section */

/* Begin XCConfigurationList section */
		8B826327215C16770006042A /* Build configuration list for PBXProject "Intergalactic" */ = {
			isa = XCConfigurationList;
			buildConfigurations = (
				8B82633E215C16770006042A /* Debug */,
				8B82633F215C16770006042A /* Release */,
			);
			defaultConfigurationIsVisible = 0;
			defaultConfigurationName = Release;
		};
		8B826340215C16770006042A /* Build configuration list for PBXNativeTarget "Intergalactic" */ = {
			isa = XCConfigurationList;
			buildConfigurations = (
				8B826341215C16770006042A /* Debug */,
				8B826342215C16770006042A /* Release */,
			);
			defaultConfigurationIsVisible = 0;
			defaultConfigurationName = Release;
		};
/* End XCConfigurationList section */
	};
	rootObject = 8B826324215C16770006042A /* Project object */;
}
